{
  "nodes": {
    "booklore": {
      "locked": {
        "lastModified": 1757676490,
        "narHash": "sha256-Dff6B26a24Kdk7i0VCcCILMMwX5xtuufiTOGRVENxYg=",
        "owner": "jvanbruegge",
        "repo": "nixpkgs",
        "rev": "8f479fb30139a1f31ab1853fb45204a00ffe0e66",
        "type": "github"
      },
      "original": {
        "owner": "jvanbruegge",
        "ref": "booklore",
        "repo": "nixpkgs",
        "type": "github"
      }
    },
    "deploy-rs": {
      "inputs": {
        "flake-compat": "flake-compat",
        "nixpkgs": [
          "nixpkgs"
        ],
        "utils": "utils"
      },
      "locked": {
        "lastModified": 1749105467,
        "narHash": "sha256-hXh76y/wDl15almBcqvjryB50B0BaiXJKk20f314RoE=",
        "owner": "serokell",
        "repo": "deploy-rs",
        "rev": "6bc76b872374845ba9d645a2f012b764fecd765f",
        "type": "github"
      },
      "original": {
        "owner": "serokell",
        "repo": "deploy-rs",
        "type": "github"
      }
    },
    "flake-compat": {
      "flake": false,
      "locked": {
        "lastModified": 1733328505,
        "narHash": "sha256-NeCCThCEP3eCl2l/+27kNNK7QrwZB1IJCrXfrbv5oqU=",
        "owner": "edolstra",
        "repo": "flake-compat",
        "rev": "ff81ac966bb2cae68946d5ed5fc4994f96d0ffec",
        "type": "github"
      },
      "original": {
        "owner": "edolstra",
        "repo": "flake-compat",
        "type": "github"
      }
    },
    "linkwarden": {
      "locked": {
        "lastModified": 1755081246,
        "narHash": "sha256-NRmjyqCJQehbyoFVElEPZuFTVSCDdba7UfJ32+fFUd4=",
        "owner": "jvanbruegge",
        "repo": "nixpkgs",
        "rev": "217e8a350ded37373a1dba2d5441ef66784f0d0b",
        "type": "github"
      },
      "original": {
        "owner": "jvanbruegge",
        "ref": "linkwarden",
        "repo": "nixpkgs",
        "type": "github"
      }
    },
    "netbird": {
      "locked": {
        "lastModified": 1753524929,
        "narHash": "sha256-G/MBQgR3xjw729IStya5tZFxL7nVclGSCnQbQauj63c=",
        "owner": "PatrickDaG",
        "repo": "nixpkgs",
        "rev": "3c46d744bbd5842ee5502dde320564a24d9f383b",
        "type": "github"
      },
      "original": {
        "owner": "PatrickDaG",
        "ref": "fix-netbird",
        "repo": "nixpkgs",
        "type": "github"
      }
    },
    "nixpkgs": {
      "locked": {
        "lastModified": 1756542300,
        "narHash": "sha256-tlOn88coG5fzdyqz6R93SQL5Gpq+m/DsWpekNFhqPQk=",
        "owner": "NixOS",
        "repo": "nixpkgs",
        "rev": "d7600c775f877cd87b4f5a831c28aa94137377aa",
        "type": "github"
      },
      "original": {
        "owner": "NixOS",
        "ref": "nixos-unstable",
        "repo": "nixpkgs",
        "type": "github"
      }
    },
    "root": {
      "inputs": {
        "booklore": "booklore",
        "deploy-rs": "deploy-rs",
        "linkwarden": "linkwarden",
        "netbird": "netbird",
        "nixpkgs": "nixpkgs",
        "sops-nix": "sops-nix"
      }
    },
    "sops-nix": {
      "inputs": {
        "nixpkgs": [
          "nixpkgs"
        ]
      },
      "locked": {
        "lastModified": 1754988908,
        "narHash": "sha256-t+voe2961vCgrzPFtZxha0/kmFSHFobzF00sT8p9h0U=",
        "owner": "Mic92",
        "repo": "sops-nix",
        "rev": "3223c7a92724b5d804e9988c6b447a0d09017d48",
        "type": "github"
      },
      "original": {
        "owner": "Mic92",
        "repo": "sops-nix",
        "type": "github"
      }
    },
    "systems": {
      "locked": {
        "lastModified": 1681028828,
        "narHash": "sha256-Vy1rq5AaRuLzOxct8nz4T6wlgyUR7zLU309k9mBC768=",
        "owner": "nix-systems",
        "repo": "default",
        "rev": "da67096a3b9bf56a91d16901293e51ba5b49a27e",
        "type": "github"
      },
      "original": {
        "owner": "nix-systems",
        "repo": "default",
        "type": "github"
      }
    },
    "utils": {
      "inputs": {
        "systems": "systems"
      },
      "locked": {
        "lastModified": 1731533236,
        "narHash": "sha256-l0KFg5HjrsfsO/JpG+r7fRrqm12kzFHyUHqHCVpMMbI=",
        "owner": "numtide",
        "repo": "flake-utils",
        "rev": "11707dc2f618dd54ca8739b309ec4fc024de578b",
        "type": "github"
      },
      "original": {
        "owner": "numtide",
        "repo": "flake-utils",
        "type": "github"
      }
    }
  },
  "root": "root",
  "version": 7
}
